
Microsoft Visual Studio Solution File, Format Version 12.00
# Visual Studio Version 17
VisualStudioVersion = 17.5.33312.197
MinimumVisualStudioVersion = 10.0.40219.1
Project("{9A19103F-16F7-4668-BE54-9A1E7A4F7556}") = "dotnet-core-training", "dotnet-core-training.csproj", "{9D11DB05-2B26-466F-B1AF-3ACA155836BC}"
EndProject
Global
	GlobalSection(SolutionConfigurationPlatforms) = preSolution
		Debug|Any CPU = Debug|Any CPU
		Release|Any CPU = Release|Any CPU
	EndGlobalSection
	GlobalSection(ProjectConfigurationPlatforms) = postSolution
		{9D11DB05-2B26-466F-B1AF-3ACA155836BC}.Debug|Any CPU.ActiveCfg = Debug|Any CPU
		{9D11DB05-2B26-466F-B1AF-3ACA155836BC}.Debug|Any CPU.Build.0 = Debug|Any CPU
		{9D11DB05-2B26-466F-B1AF-3ACA155836BC}.Release|Any CPU.ActiveCfg = Release|Any CPU
		{9D11DB05-2B26-466F-B1AF-3ACA155836BC}.Release|Any CPU.Build.0 = Release|Any CPU
	EndGlobalSection
	GlobalSection(SolutionProperties) = preSolution
		HideSolutionNode = FALSE
	EndGlobalSection
	GlobalSection(ExtensibilityGlobals) = postSolution
		SolutionGuid = {8687F97C-C609-4012-88A0-57A0A1C9432D}
	EndGlobalSection
EndGlobal
